
Microsoft Visual Studio Solution File, Format Version 12.00
# Visual Studio Version 17
VisualStudioVersion = 17.4.33205.214
MinimumVisualStudioVersion = 10.0.40219.1
Project("{FAE04EC0-301F-11D3-BF4B-00C04F79EFBC}") = "PhotographyBlog", "PhotographyBlog\PhotographyBlog.csproj", "{108E52F9-6E4F-44C0-9365-214EFE6D1084}"
EndProject
Global
	GlobalSection(SolutionConfigurationPlatforms) = preSolution
		Debug|Any CPU = Debug|Any CPU
		Release|Any CPU = Release|Any CPU
	EndGlobalSection
	GlobalSection(ProjectConfigurationPlatforms) = postSolution
		{108E52F9-6E4F-44C0-9365-214EFE6D1084}.Debug|Any CPU.ActiveCfg = Debug|Any CPU
		{108E52F9-6E4F-44C0-9365-214EFE6D1084}.Debug|Any CPU.Build.0 = Debug|Any CPU
		{108E52F9-6E4F-44C0-9365-214EFE6D1084}.Release|Any CPU.ActiveCfg = Release|Any CPU
		{108E52F9-6E4F-44C0-9365-214EFE6D1084}.Release|Any CPU.Build.0 = Release|Any CPU
	EndGlobalSection
	GlobalSection(SolutionProperties) = preSolution
		HideSolutionNode = FALSE
	EndGlobalSection
	GlobalSection(ExtensibilityGlobals) = postSolution
		SolutionGuid = {CA3745D8-FBF7-4740-8F73-9B7FC826AC15}
	EndGlobalSection
EndGlobal
